// !$*UTF8*$!
{
	archiveVersion = 1;
	classes = {
	};
	objectVersion = 46;
	objects = {

/* Begin PBXBuildFile section */
		9803DA8719FB06C400AFC574 /* Foundation.framework in Frameworks */ = {isa = PBXBuildFile; fileRef = 9803DA8619FB06C400AFC574 /* Foundation.framework */; };
		9803DA8919FB06C400AFC574 /* CoreGraphics.framework in Frameworks */ = {isa = PBXBuildFile; fileRef = 9803DA8819FB06C400AFC574 /* CoreGraphics.framework */; };
		9803DA8B19FB06C400AFC574 /* UIKit.framework in Frameworks */ = {isa = PBXBuildFile; fileRef = 9803DA8A19FB06C400AFC574 /* UIKit.framework */; };
		9803DA9119FB06C400AFC574 /* InfoPlist.strings in Resources */ = {isa = PBXBuildFile; fileRef = 9803DA8F19FB06C400AFC574 /* InfoPlist.strings */; };
		9803DA9319FB06C400AFC574 /* main.m in Sources */ = {isa = PBXBuildFile; fileRef = 9803DA9219FB06C400AFC574 /* main.m */; };
		9803DA9719FB06C400AFC574 /* AppDelegate.m in Sources */ = {isa = PBXBuildFile; fileRef = 9803DA9619FB06C400AFC574 /* AppDelegate.m */; };
		9803DA9A19FB06C400AFC574 /* Main_iPhone.storyboard in Resources */ = {isa = PBXBuildFile; fileRef = 9803DA9819FB06C400AFC574 /* Main_iPhone.storyboard */; };
		9803DA9D19FB06C400AFC574 /* Main_iPad.storyboard in Resources */ = {isa = PBXBuildFile; fileRef = 9803DA9B19FB06C400AFC574 /* Main_iPad.storyboard */; };
		9803DAA019FB06C400AFC574 /* ViewController.m in Sources */ = {isa = PBXBuildFile; fileRef = 9803DA9F19FB06C400AFC574 /* ViewController.m */; };
		9803DAA219FB06C400AFC574 /* Images.xcassets in Resources */ = {isa = PBXBuildFile; fileRef = 9803DAA119FB06C400AFC574 /* Images.xcassets */; };
		9803DAA919FB06C400AFC574 /* XCTest.framework in Frameworks */ = {isa = PBXBuildFile; fileRef = 9803DAA819FB06C400AFC574 /* XCTest.framework */; };
		9803DAAA19FB06C400AFC574 /* Foundation.framework in Frameworks */ = {isa = PBXBuildFile; fileRef = 9803DA8619FB06C400AFC574 /* Foundation.framework */; };
		9803DAAB19FB06C400AFC574 /* UIKit.framework in Frameworks */ = {isa = PBXBuildFile; fileRef = 9803DA8A19FB06C400AFC574 /* UIKit.framework */; };
		9803DAB319FB06C400AFC574 /* InfoPlist.strings in Resources */ = {isa = PBXBuildFile; fileRef = 9803DAB119FB06C400AFC574 /* InfoPlist.strings */; };
		9803DAB519FB06C400AFC574 /* SleepEzLoginTests.m in Sources */ = {isa = PBXBuildFile; fileRef = 9803DAB419FB06C400AFC574 /* SleepEzLoginTests.m */; };
		98394F4519FC1B5A008A779B /* SleepViewController.m in Sources */ = {isa = PBXBuildFile; fileRef = 98394F4419FC1B5A008A779B /* SleepViewController.m */; };
		986F2CEF19FC4A82008510D4 /* Bolts.framework in Frameworks */ = {isa = PBXBuildFile; fileRef = 986F2CED19FC4A82008510D4 /* Bolts.framework */; };
		986F2CF019FC4A82008510D4 /* Parse.framework in Frameworks */ = {isa = PBXBuildFile; fileRef = 986F2CEE19FC4A82008510D4 /* Parse.framework */; };
		986F2CF219FC4AA5008510D4 /* AudioToolbox.framework in Frameworks */ = {isa = PBXBuildFile; fileRef = 986F2CF119FC4AA5008510D4 /* AudioToolbox.framework */; };
		986F2CF419FC4AAD008510D4 /* CFNetwork.framework in Frameworks */ = {isa = PBXBuildFile; fileRef = 986F2CF319FC4AAD008510D4 /* CFNetwork.framework */; };
		986F2CF619FC4ABF008510D4 /* CoreLocation.framework in Frameworks */ = {isa = PBXBuildFile; fileRef = 986F2CF519FC4ABF008510D4 /* CoreLocation.framework */; };
		986F2CF819FC4ACB008510D4 /* libz.dylib in Frameworks */ = {isa = PBXBuildFile; fileRef = 986F2CF719FC4ACB008510D4 /* libz.dylib */; };
		986F2CFA19FC4AD3008510D4 /* MobileCoreServices.framework in Frameworks */ = {isa = PBXBuildFile; fileRef = 986F2CF919FC4AD3008510D4 /* MobileCoreServices.framework */; };
		986F2CFC19FC4ADB008510D4 /* QuartzCore.framework in Frameworks */ = {isa = PBXBuildFile; fileRef = 986F2CFB19FC4ADB008510D4 /* QuartzCore.framework */; };
		986F2CFE19FC4AE1008510D4 /* Security.framework in Frameworks */ = {isa = PBXBuildFile; fileRef = 986F2CFD19FC4AE1008510D4 /* Security.framework */; };
		986F2D0019FC4AE8008510D4 /* StoreKit.framework in Frameworks */ = {isa = PBXBuildFile; fileRef = 986F2CFF19FC4AE8008510D4 /* StoreKit.framework */; };
		986F2D0219FC4AF7008510D4 /* SystemConfiguration.framework in Frameworks */ = {isa = PBXBuildFile; fileRef = 986F2D0119FC4AF7008510D4 /* SystemConfiguration.framework */; };
		9870170B19FB29CC001B395B /* LoginViewController.m in Sources */ = {isa = PBXBuildFile; fileRef = 9870170A19FB29CC001B395B /* LoginViewController.m */; };
		9877507919FC6A530030CA93 /* CoreData.framework in Frameworks */ = {isa = PBXBuildFile; fileRef = 9877507819FC6A530030CA93 /* CoreData.framework */; };
		987C748A19FCCCA500EF1D6C /* ForgotViewController.m in Sources */ = {isa = PBXBuildFile; fileRef = 987C748919FCCCA500EF1D6C /* ForgotViewController.m */; };
		988BE62119FC39F700DB29B6 /* ProfileViewController.m in Sources */ = {isa = PBXBuildFile; fileRef = 988BE62019FC39F700DB29B6 /* ProfileViewController.m */; };
		98C2CC7B19FD6B08002C4D31 /* TableCell.m in Sources */ = {isa = PBXBuildFile; fileRef = 98C2CC7A19FD6B08002C4D31 /* TableCell.m */; };
		98FADC0B19FD75C900616EFD /* ProgressTableViewController.m in Sources */ = {isa = PBXBuildFile; fileRef = 98FADC0A19FD75C900616EFD /* ProgressTableViewController.m */; };
/* End PBXBuildFile section */

/* Begin PBXContainerItemProxy section */
		9803DAAC19FB06C400AFC574 /* PBXContainerItemProxy */ = {
			isa = PBXContainerItemProxy;
			containerPortal = 9803DA7B19FB06C400AFC574 /* Project object */;
			proxyType = 1;
			remoteGlobalIDString = 9803DA8219FB06C400AFC574;
			remoteInfo = SleepEzLogin;
		};
/* End PBXContainerItemProxy section */

/* Begin PBXFileReference section */
		9803DA8319FB06C400AFC574 /* SleepEz.app */ = {isa = PBXFileReference; explicitFileType = wrapper.application; includeInIndex = 0; path = SleepEz.app; sourceTree = BUILT_PRODUCTS_DIR; };
		9803DA8619FB06C400AFC574 /* Foundation.framework */ = {isa = PBXFileReference; lastKnownFileType = wrapper.framework; name = Foundation.framework; path = System/Library/Frameworks/Foundation.framework; sourceTree = SDKROOT; };
		9803DA8819FB06C400AFC574 /* CoreGraphics.framework */ = {isa = PBXFileReference; lastKnownFileType = wrapper.framework; name = CoreGraphics.framework; path = System/Library/Frameworks/CoreGraphics.framework; sourceTree = SDKROOT; };
		9803DA8A19FB06C400AFC574 /* UIKit.framework */ = {isa = PBXFileReference; lastKnownFileType = wrapper.framework; name = UIKit.framework; path = System/Library/Frameworks/UIKit.framework; sourceTree = SDKROOT; };
		9803DA8E19FB06C400AFC574 /* SleepEz-Info.plist */ = {isa = PBXFileReference; lastKnownFileType = text.plist.xml; path = "SleepEz-Info.plist"; sourceTree = "<group>"; };
		9803DA9019FB06C400AFC574 /* en */ = {isa = PBXFileReference; lastKnownFileType = text.plist.strings; name = en; path = en.lproj/InfoPlist.strings; sourceTree = "<group>"; };
		9803DA9219FB06C400AFC574 /* main.m */ = {isa = PBXFileReference; lastKnownFileType = sourcecode.c.objc; path = main.m; sourceTree = "<group>"; };
		9803DA9419FB06C400AFC574 /* SleepEz-Prefix.pch */ = {isa = PBXFileReference; lastKnownFileType = sourcecode.c.h; path = "SleepEz-Prefix.pch"; sourceTree = "<group>"; };
		9803DA9519FB06C400AFC574 /* AppDelegate.h */ = {isa = PBXFileReference; lastKnownFileType = sourcecode.c.h; path = AppDelegate.h; sourceTree = "<group>"; };
		9803DA9619FB06C400AFC574 /* AppDelegate.m */ = {isa = PBXFileReference; lastKnownFileType = sourcecode.c.objc; path = AppDelegate.m; sourceTree = "<group>"; };
		9803DA9919FB06C400AFC574 /* Base */ = {isa = PBXFileReference; lastKnownFileType = file.storyboard; name = Base; path = Base.lproj/Main_iPhone.storyboard; sourceTree = "<group>"; };
		9803DA9C19FB06C400AFC574 /* Base */ = {isa = PBXFileReference; lastKnownFileType = file.storyboard; name = Base; path = Base.lproj/Main_iPad.storyboard; sourceTree = "<group>"; };
		9803DA9E19FB06C400AFC574 /* ViewController.h */ = {isa = PBXFileReference; lastKnownFileType = sourcecode.c.h; path = ViewController.h; sourceTree = "<group>"; };
		9803DA9F19FB06C400AFC574 /* ViewController.m */ = {isa = PBXFileReference; lastKnownFileType = sourcecode.c.objc; path = ViewController.m; sourceTree = "<group>"; };
		9803DAA119FB06C400AFC574 /* Images.xcassets */ = {isa = PBXFileReference; lastKnownFileType = folder.assetcatalog; path = Images.xcassets; sourceTree = "<group>"; };
		9803DAA719FB06C400AFC574 /* SleepEzTests.xctest */ = {isa = PBXFileReference; explicitFileType = wrapper.cfbundle; includeInIndex = 0; path = SleepEzTests.xctest; sourceTree = BUILT_PRODUCTS_DIR; };
		9803DAA819FB06C400AFC574 /* XCTest.framework */ = {isa = PBXFileReference; lastKnownFileType = wrapper.framework; name = XCTest.framework; path = Library/Frameworks/XCTest.framework; sourceTree = DEVELOPER_DIR; };
		9803DAB019FB06C400AFC574 /* SleepEzTests-Info.plist */ = {isa = PBXFileReference; lastKnownFileType = text.plist.xml; path = "SleepEzTests-Info.plist"; sourceTree = "<group>"; };
		9803DAB219FB06C400AFC574 /* en */ = {isa = PBXFileReference; lastKnownFileType = text.plist.strings; name = en; path = en.lproj/InfoPlist.strings; sourceTree = "<group>"; };
		9803DAB419FB06C400AFC574 /* SleepEzLoginTests.m */ = {isa = PBXFileReference; lastKnownFileType = sourcecode.c.objc; path = SleepEzLoginTests.m; sourceTree = "<group>"; };
		98394F4319FC1B5A008A779B /* SleepViewController.h */ = {isa = PBXFileReference; fileEncoding = 4; lastKnownFileType = sourcecode.c.h; path = SleepViewController.h; sourceTree = "<group>"; };
		98394F4419FC1B5A008A779B /* SleepViewController.m */ = {isa = PBXFileReference; fileEncoding = 4; lastKnownFileType = sourcecode.c.objc; path = SleepViewController.m; sourceTree = "<group>"; };
		986F2CED19FC4A82008510D4 /* Bolts.framework */ = {isa = PBXFileReference; lastKnownFileType = wrapper.framework; path = Bolts.framework; sourceTree = "<group>"; };
		986F2CEE19FC4A82008510D4 /* Parse.framework */ = {isa = PBXFileReference; lastKnownFileType = wrapper.framework; path = Parse.framework; sourceTree = "<group>"; };
		986F2CF119FC4AA5008510D4 /* AudioToolbox.framework */ = {isa = PBXFileReference; lastKnownFileType = wrapper.framework; name = AudioToolbox.framework; path = System/Library/Frameworks/AudioToolbox.framework; sourceTree = SDKROOT; };
		986F2CF319FC4AAD008510D4 /* CFNetwork.framework */ = {isa = PBXFileReference; lastKnownFileType = wrapper.framework; name = CFNetwork.framework; path = System/Library/Frameworks/CFNetwork.framework; sourceTree = SDKROOT; };
		986F2CF519FC4ABF008510D4 /* CoreLocation.framework */ = {isa = PBXFileReference; lastKnownFileType = wrapper.framework; name = CoreLocation.framework; path = System/Library/Frameworks/CoreLocation.framework; sourceTree = SDKROOT; };
		986F2CF719FC4ACB008510D4 /* libz.dylib */ = {isa = PBXFileReference; lastKnownFileType = "compiled.mach-o.dylib"; name = libz.dylib; path = usr/lib/libz.dylib; sourceTree = SDKROOT; };
		986F2CF919FC4AD3008510D4 /* MobileCoreServices.framework */ = {isa = PBXFileReference; lastKnownFileType = wrapper.framework; name = MobileCoreServices.framework; path = System/Library/Frameworks/MobileCoreServices.framework; sourceTree = SDKROOT; };
		986F2CFB19FC4ADB008510D4 /* QuartzCore.framework */ = {isa = PBXFileReference; lastKnownFileType = wrapper.framework; name = QuartzCore.framework; path = System/Library/Frameworks/QuartzCore.framework; sourceTree = SDKROOT; };
		986F2CFD19FC4AE1008510D4 /* Security.framework */ = {isa = PBXFileReference; lastKnownFileType = wrapper.framework; name = Security.framework; path = System/Library/Frameworks/Security.framework; sourceTree = SDKROOT; };
		986F2CFF19FC4AE8008510D4 /* StoreKit.framework */ = {isa = PBXFileReference; lastKnownFileType = wrapper.framework; name = StoreKit.framework; path = System/Library/Frameworks/StoreKit.framework; sourceTree = SDKROOT; };
		986F2D0119FC4AF7008510D4 /* SystemConfiguration.framework */ = {isa = PBXFileReference; lastKnownFileType = wrapper.framework; name = SystemConfiguration.framework; path = System/Library/Frameworks/SystemConfiguration.framework; sourceTree = SDKROOT; };
		9870170919FB29CC001B395B /* LoginViewController.h */ = {isa = PBXFileReference; fileEncoding = 4; lastKnownFileType = sourcecode.c.h; path = LoginViewController.h; sourceTree = "<group>"; };
		9870170A19FB29CC001B395B /* LoginViewController.m */ = {isa = PBXFileReference; fileEncoding = 4; lastKnownFileType = sourcecode.c.objc; path = LoginViewController.m; sourceTree = "<group>"; };
		9877507819FC6A530030CA93 /* CoreData.framework */ = {isa = PBXFileReference; lastKnownFileType = wrapper.framework; name = CoreData.framework; path = System/Library/Frameworks/CoreData.framework; sourceTree = SDKROOT; };
		987C748819FCCCA500EF1D6C /* ForgotViewController.h */ = {isa = PBXFileReference; fileEncoding = 4; lastKnownFileType = sourcecode.c.h; path = ForgotViewController.h; sourceTree = "<group>"; };
		987C748919FCCCA500EF1D6C /* ForgotViewController.m */ = {isa = PBXFileReference; fileEncoding = 4; lastKnownFileType = sourcecode.c.objc; path = ForgotViewController.m; sourceTree = "<group>"; };
		988BE61F19FC39F700DB29B6 /* ProfileViewController.h */ = {isa = PBXFileReference; fileEncoding = 4; lastKnownFileType = sourcecode.c.h; path = ProfileViewController.h; sourceTree = "<group>"; };
		988BE62019FC39F700DB29B6 /* ProfileViewController.m */ = {isa = PBXFileReference; fileEncoding = 4; lastKnownFileType = sourcecode.c.objc; path = ProfileViewController.m; sourceTree = "<group>"; };
		98C2CC7919FD6B08002C4D31 /* TableCell.h */ = {isa = PBXFileReference; fileEncoding = 4; lastKnownFileType = sourcecode.c.h; name = TableCell.h; path = ../TableCell.h; sourceTree = "<group>"; };
		98C2CC7A19FD6B08002C4D31 /* TableCell.m */ = {isa = PBXFileReference; fileEncoding = 4; lastKnownFileType = sourcecode.c.objc; name = TableCell.m; path = ../TableCell.m; sourceTree = "<group>"; };
		98ED008719FCA050002DDA44 /* sound.caf */ = {isa = PBXFileReference; lastKnownFileType = file; path = sound.caf; sourceTree = "<group>"; };
		98FADC0919FD75C900616EFD /* ProgressTableViewController.h */ = {isa = PBXFileReference; fileEncoding = 4; lastKnownFileType = sourcecode.c.h; path = ProgressTableViewController.h; sourceTree = "<group>"; };
		98FADC0A19FD75C900616EFD /* ProgressTableViewController.m */ = {isa = PBXFileReference; fileEncoding = 4; lastKnownFileType = sourcecode.c.objc; path = ProgressTableViewController.m; sourceTree = "<group>"; };
/* End PBXFileReference section */

/* Begin PBXFrameworksBuildPhase section */
		9803DA8019FB06C400AFC574 /* Frameworks */ = {
			isa = PBXFrameworksBuildPhase;
			buildActionMask = 2147483647;
			files = (
				9877507919FC6A530030CA93 /* CoreData.framework in Frameworks */,
				986F2D0219FC4AF7008510D4 /* SystemConfiguration.framework in Frameworks */,
				986F2D0019FC4AE8008510D4 /* StoreKit.framework in Frameworks */,
				986F2CFE19FC4AE1008510D4 /* Security.framework in Frameworks */,
				986F2CFC19FC4ADB008510D4 /* QuartzCore.framework in Frameworks */,
				986F2CFA19FC4AD3008510D4 /* MobileCoreServices.framework in Frameworks */,
				986F2CF819FC4ACB008510D4 /* libz.dylib in Frameworks */,
				986F2CF619FC4ABF008510D4 /* CoreLocation.framework in Frameworks */,
				9803DA8919FB06C400AFC574 /* CoreGraphics.framework in Frameworks */,
				986F2CF419FC4AAD008510D4 /* CFNetwork.framework in Frameworks */,
				986F2CF219FC4AA5008510D4 /* AudioToolbox.framework in Frameworks */,
				9803DA8B19FB06C400AFC574 /* UIKit.framework in Frameworks */,
				9803DA8719FB06C400AFC574 /* Foundation.framework in Frameworks */,
				986F2CEF19FC4A82008510D4 /* Bolts.framework in Frameworks */,
				986F2CF019FC4A82008510D4 /* Parse.framework in Frameworks */,
			);
			runOnlyForDeploymentPostprocessing = 0;
		};
		9803DAA419FB06C400AFC574 /* Frameworks */ = {
			isa = PBXFrameworksBuildPhase;
			buildActionMask = 2147483647;
			files = (
				9803DAA919FB06C400AFC574 /* XCTest.framework in Frameworks */,
				9803DAAB19FB06C400AFC574 /* UIKit.framework in Frameworks */,
				9803DAAA19FB06C400AFC574 /* Foundation.framework in Frameworks */,
			);
			runOnlyForDeploymentPostprocessing = 0;
		};
/* End PBXFrameworksBuildPhase section */

/* Begin PBXGroup section */
		9803DA7A19FB06C400AFC574 = {
			isa = PBXGroup;
			children = (
				9803DA8C19FB06C400AFC574 /* SleepEz */,
				9803DAAE19FB06C400AFC574 /* SleepEzTests */,
				9803DA8519FB06C400AFC574 /* Frameworks */,
				9803DA8419FB06C400AFC574 /* Products */,
			);
			sourceTree = "<group>";
		};
		9803DA8419FB06C400AFC574 /* Products */ = {
			isa = PBXGroup;
			children = (
				9803DA8319FB06C400AFC574 /* SleepEz.app */,
				9803DAA719FB06C400AFC574 /* SleepEzTests.xctest */,
			);
			name = Products;
			sourceTree = "<group>";
		};
		9803DA8519FB06C400AFC574 /* Frameworks */ = {
			isa = PBXGroup;
			children = (
				9877507819FC6A530030CA93 /* CoreData.framework */,
				986F2D0119FC4AF7008510D4 /* SystemConfiguration.framework */,
				986F2CFF19FC4AE8008510D4 /* StoreKit.framework */,
				986F2CFD19FC4AE1008510D4 /* Security.framework */,
				986F2CFB19FC4ADB008510D4 /* QuartzCore.framework */,
				986F2CF919FC4AD3008510D4 /* MobileCoreServices.framework */,
				986F2CF719FC4ACB008510D4 /* libz.dylib */,
				986F2CF519FC4ABF008510D4 /* CoreLocation.framework */,
				986F2CF319FC4AAD008510D4 /* CFNetwork.framework */,
				986F2CF119FC4AA5008510D4 /* AudioToolbox.framework */,
				986F2CED19FC4A82008510D4 /* Bolts.framework */,
				986F2CEE19FC4A82008510D4 /* Parse.framework */,
				9803DA8619FB06C400AFC574 /* Foundation.framework */,
				9803DA8819FB06C400AFC574 /* CoreGraphics.framework */,
				9803DA8A19FB06C400AFC574 /* UIKit.framework */,
				9803DAA819FB06C400AFC574 /* XCTest.framework */,
			);
			name = Frameworks;
			sourceTree = "<group>";
		};
		9803DA8C19FB06C400AFC574 /* SleepEz */ = {
			isa = PBXGroup;
			children = (
				98C2CC7519FD64EB002C4D31 /* Progress */,
				984AA1F019FC898C00F7278C /* SleepController */,
				9803DA9519FB06C400AFC574 /* AppDelegate.h */,
				9803DA9619FB06C400AFC574 /* AppDelegate.m */,
				9803DA9819FB06C400AFC574 /* Main_iPhone.storyboard */,
				9803DA9B19FB06C400AFC574 /* Main_iPad.storyboard */,
				9803DAA119FB06C400AFC574 /* Images.xcassets */,
				9803DA8D19FB06C400AFC574 /* Supporting Files */,
				98394F4219FC1953008A779B /* ViewControllers */,
			);
			name = SleepEz;
			path = SleepEzLogin;
			sourceTree = "<group>";
		};
		9803DA8D19FB06C400AFC574 /* Supporting Files */ = {
			isa = PBXGroup;
			children = (
				98ED008719FCA050002DDA44 /* sound.caf */,
				9803DA8E19FB06C400AFC574 /* SleepEz-Info.plist */,
				9803DA8F19FB06C400AFC574 /* InfoPlist.strings */,
				9803DA9219FB06C400AFC574 /* main.m */,
				9803DA9419FB06C400AFC574 /* SleepEz-Prefix.pch */,
			);
			name = "Supporting Files";
			sourceTree = "<group>";
		};
		9803DAAE19FB06C400AFC574 /* SleepEzTests */ = {
			isa = PBXGroup;
			children = (
				9803DAB419FB06C400AFC574 /* SleepEzLoginTests.m */,
				9803DAAF19FB06C400AFC574 /* Supporting Files */,
			);
			name = SleepEzTests;
			path = SleepEzLoginTests;
			sourceTree = "<group>";
		};
		9803DAAF19FB06C400AFC574 /* Supporting Files */ = {
			isa = PBXGroup;
			children = (
				9803DAB019FB06C400AFC574 /* SleepEzTests-Info.plist */,
				9803DAB119FB06C400AFC574 /* InfoPlist.strings */,
			);
			name = "Supporting Files";
			sourceTree = "<group>";
		};
		98394F4219FC1953008A779B /* ViewControllers */ = {
			isa = PBXGroup;
			children = (
				98DC9CA219FCCA9F00EA551E /* login/signup */,
				9803DA9E19FB06C400AFC574 /* ViewController.h */,
				9803DA9F19FB06C400AFC574 /* ViewController.m */,
				988BE61F19FC39F700DB29B6 /* ProfileViewController.h */,
				988BE62019FC39F700DB29B6 /* ProfileViewController.m */,
			);
			name = ViewControllers;
			sourceTree = "<group>";
		};
		984AA1F019FC898C00F7278C /* SleepController */ = {
			isa = PBXGroup;
			children = (
				98394F4319FC1B5A008A779B /* SleepViewController.h */,
				98394F4419FC1B5A008A779B /* SleepViewController.m */,
			);
			name = SleepController;
			sourceTree = "<group>";
		};
		98C2CC7519FD64EB002C4D31 /* Progress */ = {
			isa = PBXGroup;
			children = (
				98C2CC7919FD6B08002C4D31 /* TableCell.h */,
				98C2CC7A19FD6B08002C4D31 /* TableCell.m */,
				98FADC0919FD75C900616EFD /* ProgressTableViewController.h */,
				98FADC0A19FD75C900616EFD /* ProgressTableViewController.m */,
			);
			name = Progress;
			sourceTree = "<group>";
		};
		98DC9CA219FCCA9F00EA551E /* login/signup */ = {
			isa = PBXGroup;
			children = (
				987C748819FCCCA500EF1D6C /* ForgotViewController.h */,
				987C748919FCCCA500EF1D6C /* ForgotViewController.m */,
				9870170919FB29CC001B395B /* LoginViewController.h */,
				9870170A19FB29CC001B395B /* LoginViewController.m */,
			);
			name = login/signup;
			sourceTree = "<group>";
		};
/* End PBXGroup section */

/* Begin PBXNativeTarget section */
		9803DA8219FB06C400AFC574 /* SleepEz */ = {
			isa = PBXNativeTarget;
			buildConfigurationList = 9803DAB819FB06C400AFC574 /* Build configuration list for PBXNativeTarget "SleepEz" */;
			buildPhases = (
				9803DA7F19FB06C400AFC574 /* Sources */,
				9803DA8019FB06C400AFC574 /* Frameworks */,
				9803DA8119FB06C400AFC574 /* Resources */,
			);
			buildRules = (
			);
			dependencies = (
			);
			name = SleepEz;
			productName = SleepEzLogin;
			productReference = 9803DA8319FB06C400AFC574 /* SleepEz.app */;
			productType = "com.apple.product-type.application";
		};
		9803DAA619FB06C400AFC574 /* SleepEzTests */ = {
			isa = PBXNativeTarget;
			buildConfigurationList = 9803DABB19FB06C400AFC574 /* Build configuration list for PBXNativeTarget "SleepEzTests" */;
			buildPhases = (
				9803DAA319FB06C400AFC574 /* Sources */,
				9803DAA419FB06C400AFC574 /* Frameworks */,
				9803DAA519FB06C400AFC574 /* Resources */,
			);
			buildRules = (
			);
			dependencies = (
				9803DAAD19FB06C400AFC574 /* PBXTargetDependency */,
			);
			name = SleepEzTests;
			productName = SleepEzLoginTests;
			productReference = 9803DAA719FB06C400AFC574 /* SleepEzTests.xctest */;
			productType = "com.apple.product-type.bundle.unit-test";
		};
/* End PBXNativeTarget section */

/* Begin PBXProject section */
		9803DA7B19FB06C400AFC574 /* Project object */ = {
			isa = PBXProject;
			attributes = {
				LastUpgradeCheck = 0510;
				ORGANIZATIONNAME = "___FULLUSERNAME___";
				TargetAttributes = {
					9803DAA619FB06C400AFC574 = {
						TestTargetID = 9803DA8219FB06C400AFC574;
					};
				};
			};
			buildConfigurationList = 9803DA7E19FB06C400AFC574 /* Build configuration list for PBXProject "SleepEz" */;
			compatibilityVersion = "Xcode 3.2";
			developmentRegion = English;
			hasScannedForEncodings = 0;
			knownRegions = (
				en,
				Base,
			);
			mainGroup = 9803DA7A19FB06C400AFC574;
			productRefGroup = 9803DA8419FB06C400AFC574 /* Products */;
			projectDirPath = "";
			projectRoot = "";
			targets = (
				9803DA8219FB06C400AFC574 /* SleepEz */,
				9803DAA619FB06C400AFC574 /* SleepEzTests */,
			);
		};
/* End PBXProject section */

/* Begin PBXResourcesBuildPhase section */
		9803DA8119FB06C400AFC574 /* Resources */ = {
			isa = PBXResourcesBuildPhase;
			buildActionMask = 2147483647;
			files = (
				9803DA9D19FB06C400AFC574 /* Main_iPad.storyboard in Resources */,
				9803DAA219FB06C400AFC574 /* Images.xcassets in Resources */,
				9803DA9A19FB06C400AFC574 /* Main_iPhone.storyboard in Resources */,
				9803DA9119FB06C400AFC574 /* InfoPlist.strings in Resources */,
			);
			runOnlyForDeploymentPostprocessing = 0;
		};
		9803DAA519FB06C400AFC574 /* Resources */ = {
			isa = PBXResourcesBuildPhase;
			buildActionMask = 2147483647;
			files = (
				9803DAB319FB06C400AFC574 /* InfoPlist.strings in Resources */,
			);
			runOnlyForDeploymentPostprocessing = 0;
		};
/* End PBXResourcesBuildPhase section */

/* Begin PBXSourcesBuildPhase section */
		9803DA7F19FB06C400AFC574 /* Sources */ = {
			isa = PBXSourcesBuildPhase;
			buildActionMask = 2147483647;
			files = (
				98FADC0B19FD75C900616EFD /* ProgressTableViewController.m in Sources */,
				98C2CC7B19FD6B08002C4D31 /* TableCell.m in Sources */,
				98394F4519FC1B5A008A779B /* SleepViewController.m in Sources */,
				987C748A19FCCCA500EF1D6C /* ForgotViewController.m in Sources */,
				9803DAA019FB06C400AFC574 /* ViewController.m in Sources */,
				9803DA9719FB06C400AFC574 /* AppDelegate.m in Sources */,
				9803DA9319FB06C400AFC574 /* main.m in Sources */,
				988BE62119FC39F700DB29B6 /* ProfileViewController.m in Sources */,
				9870170B19FB29CC001B395B /* LoginViewController.m in Sources */,
			);
			runOnlyForDeploymentPostprocessing = 0;
		};
		9803DAA319FB06C400AFC574 /* Sources */ = {
			isa = PBXSourcesBuildPhase;
			buildActionMask = 2147483647;
			files = (
				9803DAB519FB06C400AFC574 /* SleepEzLoginTests.m in Sources */,
			);
			runOnlyForDeploymentPostprocessing = 0;
		};
/* End PBXSourcesBuildPhase section */

/* Begin PBXTargetDependency section */
		9803DAAD19FB06C400AFC574 /* PBXTargetDependency */ = {
			isa = PBXTargetDependency;
			target = 9803DA8219FB06C400AFC574 /* SleepEz */;
			targetProxy = 9803DAAC19FB06C400AFC574 /* PBXContainerItemProxy */;
		};
/* End PBXTargetDependency section */

/* Begin PBXVariantGroup section */
		9803DA8F19FB06C400AFC574 /* InfoPlist.strings */ = {
			isa = PBXVariantGroup;
			children = (
				9803DA9019FB06C400AFC574 /* en */,
			);
			name = InfoPlist.strings;
			sourceTree = "<group>";
		};
		9803DA9819FB06C400AFC574 /* Main_iPhone.storyboard */ = {
			isa = PBXVariantGroup;
			children = (
				9803DA9919FB06C400AFC574 /* Base */,
			);
			name = Main_iPhone.storyboard;
			sourceTree = "<group>";
		};
		9803DA9B19FB06C400AFC574 /* Main_iPad.storyboard */ = {
			isa = PBXVariantGroup;
			children = (
				9803DA9C19FB06C400AFC574 /* Base */,
			);
			name = Main_iPad.storyboard;
			sourceTree = "<group>";
		};
		9803DAB119FB06C400AFC574 /* InfoPlist.strings */ = {
			isa = PBXVariantGroup;
			children = (
				9803DAB219FB06C400AFC574 /* en */,
			);
			name = InfoPlist.strings;
			sourceTree = "<group>";
		};
/* End PBXVariantGroup section */

/* Begin XCBuildConfiguration section */
		9803DAB619FB06C400AFC574 /* Debug */ = {
			isa = XCBuildConfiguration;
			buildSettings = {
				ALWAYS_SEARCH_USER_PATHS = NO;
				CLANG_CXX_LANGUAGE_STANDARD = "gnu++0x";
				CLANG_CXX_LIBRARY = "libc++";
				CLANG_ENABLE_MODULES = YES;
				CLANG_ENABLE_OBJC_ARC = YES;
				CLANG_WARN_BOOL_CONVERSION = YES;
				CLANG_WARN_CONSTANT_CONVERSION = YES;
				CLANG_WARN_DIRECT_OBJC_ISA_USAGE = YES_ERROR;
				CLANG_WARN_EMPTY_BODY = YES;
				CLANG_WARN_ENUM_CONVERSION = YES;
				CLANG_WARN_INT_CONVERSION = YES;
				CLANG_WARN_OBJC_ROOT_CLASS = YES_ERROR;
				CLANG_WARN__DUPLICATE_METHOD_MATCH = YES;
				"CODE_SIGN_IDENTITY[sdk=iphoneos*]" = "iPhone Developer";
				COPY_PHASE_STRIP = NO;
				GCC_C_LANGUAGE_STANDARD = gnu99;
				GCC_DYNAMIC_NO_PIC = NO;
				GCC_OPTIMIZATION_LEVEL = 0;
				GCC_PREPROCESSOR_DEFINITIONS = (
					"DEBUG=1",
					"$(inherited)",
				);
				GCC_SYMBOLS_PRIVATE_EXTERN = NO;
				GCC_WARN_64_TO_32_BIT_CONVERSION = YES;
				GCC_WARN_ABOUT_RETURN_TYPE = YES_ERROR;
				GCC_WARN_UNDECLARED_SELECTOR = YES;
				GCC_WARN_UNINITIALIZED_AUTOS = YES_AGGRESSIVE;
				GCC_WARN_UNUSED_FUNCTION = YES;
				GCC_WARN_UNUSED_VARIABLE = YES;
				IPHONEOS_DEPLOYMENT_TARGET = 7.1;
				ONLY_ACTIVE_ARCH = YES;
				SDKROOT = iphoneos;
				TARGETED_DEVICE_FAMILY = "1,2";
			};
			name = Debug;
		};
		9803DAB719FB06C400AFC574 /* Release */ = {
			isa = XCBuildConfiguration;
			buildSettings = {
				ALWAYS_SEARCH_USER_PATHS = NO;
				CLANG_CXX_LANGUAGE_STANDARD = "gnu++0x";
				CLANG_CXX_LIBRARY = "libc++";
				CLANG_ENABLE_MODULES = YES;
				CLANG_ENABLE_OBJC_ARC = YES;
				CLANG_WARN_BOOL_CONVERSION = YES;
				CLANG_WARN_CONSTANT_CONVERSION = YES;
				CLANG_WARN_DIRECT_OBJC_ISA_USAGE = YES_ERROR;
				CLANG_WARN_EMPTY_BODY = YES;
				CLANG_WARN_ENUM_CONVERSION = YES;
				CLANG_WARN_INT_CONVERSION = YES;
				CLANG_WARN_OBJC_ROOT_CLASS = YES_ERROR;
				CLANG_WARN__DUPLICATE_METHOD_MATCH = YES;
				"CODE_SIGN_IDENTITY[sdk=iphoneos*]" = "iPhone Developer";
				COPY_PHASE_STRIP = YES;
				ENABLE_NS_ASSERTIONS = NO;
				GCC_C_LANGUAGE_STANDARD = gnu99;
				GCC_WARN_64_TO_32_BIT_CONVERSION = YES;
				GCC_WARN_ABOUT_RETURN_TYPE = YES_ERROR;
				GCC_WARN_UNDECLARED_SELECTOR = YES;
				GCC_WARN_UNINITIALIZED_AUTOS = YES_AGGRESSIVE;
				GCC_WARN_UNUSED_FUNCTION = YES;
				GCC_WARN_UNUSED_VARIABLE = YES;
				IPHONEOS_DEPLOYMENT_TARGET = 7.1;
				SDKROOT = iphoneos;
				TARGETED_DEVICE_FAMILY = "1,2";
				VALIDATE_PRODUCT = YES;
			};
			name = Release;
		};
		9803DAB919FB06C400AFC574 /* Debug */ = {
			isa = XCBuildConfiguration;
			buildSettings = {
				ASSETCATALOG_COMPILER_APPICON_NAME = AppIcon;
				ASSETCATALOG_COMPILER_LAUNCHIMAGE_NAME = LaunchImage;
				FRAMEWORK_SEARCH_PATHS = (
					"$(inherited)",
					"$(PROJECT_DIR)/parse-library-1.4.2",
					"$(PROJECT_DIR)",
				);
				GCC_PRECOMPILE_PREFIX_HEADER = YES;
				GCC_PREFIX_HEADER = "SleepEzLogin/SleepEz-Prefix.pch";
				INFOPLIST_FILE = "SleepEzLogin/SleepEz-Info.plist";
				PRODUCT_NAME = SleepEz;
				WRAPPER_EXTENSION = app;
			};
			name = Debug;
		};
		9803DABA19FB06C400AFC574 /* Release */ = {
			isa = XCBuildConfiguration;
			buildSettings = {
				ASSETCATALOG_COMPILER_APPICON_NAME = AppIcon;
				ASSETCATALOG_COMPILER_LAUNCHIMAGE_NAME = LaunchImage;
				FRAMEWORK_SEARCH_PATHS = (
					"$(inherited)",
					"$(PROJECT_DIR)/parse-library-1.4.2",
					"$(PROJECT_DIR)",
				);
				GCC_PRECOMPILE_PREFIX_HEADER = YES;
				GCC_PREFIX_HEADER = "SleepEzLogin/SleepEz-Prefix.pch";
				INFOPLIST_FILE = "SleepEzLogin/SleepEz-Info.plist";
				PRODUCT_NAME = SleepEz;
				WRAPPER_EXTENSION = app;
			};
			name = Release;
		};
		9803DABC19FB06C400AFC574 /* Debug */ = {
			isa = XCBuildConfiguration;
			buildSettings = {
				BUNDLE_LOADER = "$(BUILT_PRODUCTS_DIR)/SleepEzLogin.app/SleepEzLogin";
				FRAMEWORK_SEARCH_PATHS = (
					"$(SDKROOT)/Developer/Library/Frameworks",
					"$(inherited)",
					"$(DEVELOPER_FRAMEWORKS_DIR)",
				);
				GCC_PRECOMPILE_PREFIX_HEADER = YES;
				GCC_PREFIX_HEADER = "SleepEzLogin/SleepEzLogin-Prefix.pch";
				GCC_PREPROCESSOR_DEFINITIONS = (
					"DEBUG=1",
					"$(inherited)",
				);
				INFOPLIST_FILE = "SleepEzLoginTests/SleepEzLoginTests-Info.plist";
				PRODUCT_NAME = SleepEzTests;
				TEST_HOST = "$(BUNDLE_LOADER)";
				WRAPPER_EXTENSION = xctest;
			};
			name = Debug;
		};
		9803DABD19FB06C400AFC574 /* Release */ = {
			isa = XCBuildConfiguration;
			buildSettings = {
				BUNDLE_LOADER = "$(BUILT_PRODUCTS_DIR)/SleepEzLogin.app/SleepEzLogin";
				FRAMEWORK_SEARCH_PATHS = (
					"$(SDKROOT)/Developer/Library/Frameworks",
					"$(inherited)",
					"$(DEVELOPER_FRAMEWORKS_DIR)",
				);
				GCC_PRECOMPILE_PREFIX_HEADER = YES;
				GCC_PREFIX_HEADER = "SleepEzLogin/SleepEzLogin-Prefix.pch";
				INFOPLIST_FILE = "SleepEzLoginTests/SleepEzLoginTests-Info.plist";
				PRODUCT_NAME = SleepEzTests;
				TEST_HOST = "$(BUNDLE_LOADER)";
				WRAPPER_EXTENSION = xctest;
			};
			name = Release;
		};
/* End XCBuildConfiguration section */

/* Begin XCConfigurationList section */
		9803DA7E19FB06C400AFC574 /* Build configuration list for PBXProject "SleepEz" */ = {
			isa = XCConfigurationList;
			buildConfigurations = (
				9803DAB619FB06C400AFC574 /* Debug */,
				9803DAB719FB06C400AFC574 /* Release */,
			);
			defaultConfigurationIsVisible = 0;
			defaultConfigurationName = Release;
		};
		9803DAB819FB06C400AFC574 /* Build configuration list for PBXNativeTarget "SleepEz" */ = {
			isa = XCConfigurationList;
			buildConfigurations = (
				9803DAB919FB06C400AFC574 /* Debug */,
				9803DABA19FB06C400AFC574 /* Release */,
			);
			defaultConfigurationIsVisible = 0;
			defaultConfigurationName = Release;
		};
		9803DABB19FB06C400AFC574 /* Build configuration list for PBXNativeTarget "SleepEzTests" */ = {
			isa = XCConfigurationList;
			buildConfigurations = (
				9803DABC19FB06C400AFC574 /* Debug */,
				9803DABD19FB06C400AFC574 /* Release */,
			);
			defaultConfigurationIsVisible = 0;
			defaultConfigurationName = Release;
		};
/* End XCConfigurationList section */
	};
	rootObject = 9803DA7B19FB06C400AFC574 /* Project object */;
}
